{
  "name": "@marineyachtradar/signalk-playback-plugin",
  "version": "0.1.0",
  "lockfileVersion": 3,
  "requires": true,
  "packages": {
    "": {
      "name": "@marineyachtradar/signalk-playback-plugin",
      "version": "0.1.0",
      "hasInstallScript": true,
      "license": "Apache-2.0",
      "dependencies": {
        "@marineyachtradar/mayara-gui": "^0.6.0"
      },
      "engines": {
        "signalk": ">=2.0.0"
      }
    },
    "node_modules/@marineyachtradar/mayara-gui": {
      "version": "0.6.0",
      "resolved": "https://registry.npmjs.org/@marineyachtradar/mayara-gui/-/mayara-gui-0.6.0.tgz",
      "integrity": "sha512-57eNI4tM+CNlQRohcCxTLphcyDstgEU4PGODJcMlun5Y6ofpnwPdkQEoHokQ8PCGuGMFpHOghcJTxAuucpz+IA==",
      "license": "MIT"
    }
  }
}
